<?xml version="1.0" encoding="utf-8"?>
<Project ToolsVersion="4.0" xmlns="http://schemas.microsoft.com/developer/msbuild/2003">
  <ItemGroup>
    <Filter Include="Source Files">
      <UniqueIdentifier>{4FC737F1-C7A5-4376-A066-2A32D752A2FF}</UniqueIdentifier>
      <Extensions>cpp;c;cc;cxx;def;odl;idl;hpj;bat;asm;asmx</Extensions>
    </Filter>
    <Filter Include="Header Files">
      <UniqueIdentifier>{93995380-89BD-4b04-88EB-625FBE52EBFB}</UniqueIdentifier>
      <Extensions>h;hh;hpp;hxx;hm;inl;inc;ipp;xsd</Extensions>
    </Filter>
    <Filter Include="Resource Files">
      <UniqueIdentifier>{67DA6AB6-F800-4c08-8B7A-83BB121AAD01}</UniqueIdentifier>
      <Extensions>rc;ico;cur;bmp;dlg;rc2;rct;bin;rgs;gif;jpg;jpeg;jpe;resx;tiff;tif;png;wav;mfcribbon-ms</Extensions>
    </Filter>
    <Filter Include="Header Files\Collision">
      <UniqueIdentifier>{4207a410-4e29-4806-90ac-1afd2f52be3d}</UniqueIdentifier>
    </Filter>
    <Filter Include="Header Files\Graphic">
      <UniqueIdentifier>{1ca21afb-916d-45f8-8c31-eec29afab34e}</UniqueIdentifier>
    </Filter>
    <Filter Include="Header Files\Object">
      <UniqueIdentifier>{fb404532-6aef-47e3-aa69-a70bd931b830}</UniqueIdentifier>
    </Filter>
    <Filter Include="Header Files\Space">
      <UniqueIdentifier>{6b77fd59-1e9c-4684-b6b2-fc67c6e7ed05}</UniqueIdentifier>
    </Filter>
    <Filter Include="Source Files\Collision">
      <UniqueIdentifier>{1d708833-caca-4dc8-905b-e4d776e5ceda}</UniqueIdentifier>
    </Filter>
    <Filter Include="Source Files\Graphic">
      <UniqueIdentifier>{e4db63c8-88d8-406f-84a8-832685cf9194}</UniqueIdentifier>
    </Filter>
    <Filter Include="Source Files\Object">
      <UniqueIdentifier>{cc9994a7-e0ca-4af2-9178-0309787278d9}</UniqueIdentifier>
    </Filter>
    <Filter Include="Source Files\Space">
      <UniqueIdentifier>{ed573d54-f6b8-4be6-8e01-e1f6c659ca41}</UniqueIdentifier>
    </Filter>
  </ItemGroup>
  <ItemGroup>
    <ClInclude Include="game2dHelper.h">
      <Filter>Header Files</Filter>
    </ClInclude>
    <ClInclude Include="BaseGameWorld.h">
      <Filter>Header Files</Filter>
    </ClInclude>
    <ClInclude Include="Object\GameObject.h">
      <Filter>Header Files\Object</Filter>
    </ClInclude>
    <ClInclude Include="Space\Node.h">
      <Filter>Header Files\Space</Filter>
    </ClInclude>
    <ClInclude Include="Space\SpacePartitioning.h">
      <Filter>Header Files\Space</Filter>
    </ClInclude>
    <ClInclude Include="Graphic\TextureCollection.h">
      <Filter>Header Files\Graphic</Filter>
    </ClInclude>
    <ClInclude Include="Graphic\Sprite.h">
      <Filter>Header Files\Graphic</Filter>
    </ClInclude>
    <ClInclude Include="Graphic\Animation.h">
      <Filter>Header Files\Graphic</Filter>
    </ClInclude>
    <ClInclude Include="Graphic\AnimationCollection.h">
      <Filter>Header Files\Graphic</Filter>
    </ClInclude>
    <ClInclude Include="BaseTileMap.h">
      <Filter>Header Files</Filter>
    </ClInclude>
    <ClInclude Include="Object\InteractiveObj.h">
      <Filter>Header Files\Object</Filter>
    </ClInclude>
    <ClInclude Include="Collision\collisionHelper.h">
      <Filter>Header Files\Collision</Filter>
    </ClInclude>
  </ItemGroup>
  <ItemGroup>
    <ClCompile Include="BaseGameWorld.cpp">
      <Filter>Source Files</Filter>
    </ClCompile>
    <ClCompile Include="game2dHelper.cpp">
      <Filter>Source Files</Filter>
    </ClCompile>
    <ClCompile Include="Object\GameObject.cpp">
      <Filter>Source Files\Object</Filter>
    </ClCompile>
    <ClCompile Include="Space\Node.cpp">
      <Filter>Source Files\Space</Filter>
    </ClCompile>
    <ClCompile Include="Space\SpacePartitioning.cpp">
      <Filter>Source Files\Space</Filter>
    </ClCompile>
    <ClCompile Include="Graphic\TextureCollection.cpp">
      <Filter>Source Files\Graphic</Filter>
    </ClCompile>
    <ClCompile Include="Graphic\Sprite.cpp">
      <Filter>Source Files\Graphic</Filter>
    </ClCompile>
    <ClCompile Include="Graphic\AnimationCollection.cpp">
      <Filter>Source Files\Graphic</Filter>
    </ClCompile>
    <ClCompile Include="Graphic\Animation.cpp">
      <Filter>Source Files\Graphic</Filter>
    </ClCompile>
    <ClCompile Include="BaseTileMap.cpp">
      <Filter>Source Files</Filter>
    </ClCompile>
    <ClCompile Include="Object\InteractiveObj.cpp">
      <Filter>Source Files\Object</Filter>
    </ClCompile>
    <ClCompile Include="Collision\collisionHelper.cpp">
      <Filter>Source Files\Collision</Filter>
    </ClCompile>
  </ItemGroup>
</Project>