<?xml version="1.0" encoding="utf-8"?>
<Project ToolsVersion="4.0" xmlns="http://schemas.microsoft.com/developer/msbuild/2003">
  <ItemGroup>
    <Filter Include="Source Files">
      <UniqueIdentifier>{4FC737F1-C7A5-4376-A066-2A32D752A2FF}</UniqueIdentifier>
      <Extensions>cpp;c;cc;cxx;def;odl;idl;hpj;bat;asm;asmx</Extensions>
    </Filter>
    <Filter Include="Header Files">
      <UniqueIdentifier>{93995380-89BD-4b04-88EB-625FBE52EBFB}</UniqueIdentifier>
      <Extensions>h;hh;hpp;hxx;hm;inl;inc;ipp;xsd</Extensions>
    </Filter>
    <Filter Include="Resource Files">
      <UniqueIdentifier>{67DA6AB6-F800-4c08-8B7A-83BB121AAD01}</UniqueIdentifier>
      <Extensions>rc;ico;cur;bmp;dlg;rc2;rct;bin;rgs;gif;jpg;jpeg;jpe;resx;tiff;tif;png;wav;mfcribbon-ms</Extensions>
    </Filter>
    <Filter Include="Header Files\ImmortalObj">
      <UniqueIdentifier>{7f8dda63-9d57-45c9-b586-bfadc95ddadd}</UniqueIdentifier>
    </Filter>
    <Filter Include="Source Files\ImmortalObj">
      <UniqueIdentifier>{1a4e5ca7-72a9-4f2d-8a4c-f3612638bcca}</UniqueIdentifier>
    </Filter>
    <Filter Include="Header Files\MainCharacter">
      <UniqueIdentifier>{9a41c9c8-5e23-4cb3-8fc2-edfa9c0cfddb}</UniqueIdentifier>
    </Filter>
    <Filter Include="Header Files\MainCharacter\States">
      <UniqueIdentifier>{8d1f2eea-62e4-4fd1-8c44-6bd0e25adc7e}</UniqueIdentifier>
    </Filter>
    <Filter Include="Source Files\MainCharacter">
      <UniqueIdentifier>{0851d973-0a29-4075-a978-fca580bf9d01}</UniqueIdentifier>
    </Filter>
    <Filter Include="Source Files\MainCharacter\States">
      <UniqueIdentifier>{351fdc14-109a-4a1a-914d-1ff2e3ddaca6}</UniqueIdentifier>
    </Filter>
    <Filter Include="Header Files\Item">
      <UniqueIdentifier>{3cab0d4a-a782-422d-a793-17f72e9258a9}</UniqueIdentifier>
    </Filter>
    <Filter Include="Source Files\Item">
      <UniqueIdentifier>{cc9a3af8-b8a9-4af8-8c84-c20334a9bb42}</UniqueIdentifier>
    </Filter>
  </ItemGroup>
  <ItemGroup>
    <ClInclude Include="ninjagaidenHelper.h">
      <Filter>Header Files</Filter>
    </ClInclude>
    <ClInclude Include="GameWorld.h">
      <Filter>Header Files</Filter>
    </ClInclude>
    <ClInclude Include="ImmortalObj\ImmortalObj.h">
      <Filter>Header Files\ImmortalObj</Filter>
    </ClInclude>
    <ClInclude Include="ImmortalObj\TileMap.h">
      <Filter>Header Files\ImmortalObj</Filter>
    </ClInclude>
    <ClInclude Include="ImmortalObj\Scoreboard.h">
      <Filter>Header Files\ImmortalObj</Filter>
    </ClInclude>
    <ClInclude Include="MainCharacter\States\ClimbState.h">
      <Filter>Header Files\MainCharacter\States</Filter>
    </ClInclude>
    <ClInclude Include="MainCharacter\States\DuckAtkState.h">
      <Filter>Header Files\MainCharacter\States</Filter>
    </ClInclude>
    <ClInclude Include="MainCharacter\States\DuckState.h">
      <Filter>Header Files\MainCharacter\States</Filter>
    </ClInclude>
    <ClInclude Include="MainCharacter\States\IdleState.h">
      <Filter>Header Files\MainCharacter\States</Filter>
    </ClInclude>
    <ClInclude Include="MainCharacter\States\ImmortalState.h">
      <Filter>Header Files\MainCharacter\States</Filter>
    </ClInclude>
    <ClInclude Include="MainCharacter\States\JumpState.h">
      <Filter>Header Files\MainCharacter\States</Filter>
    </ClInclude>
    <ClInclude Include="MainCharacter\States\MoveState.h">
      <Filter>Header Files\MainCharacter\States</Filter>
    </ClInclude>
    <ClInclude Include="MainCharacter\States\StandAtkState.h">
      <Filter>Header Files\MainCharacter\States</Filter>
    </ClInclude>
    <ClInclude Include="MainCharacter\BaseState.h">
      <Filter>Header Files\MainCharacter</Filter>
    </ClInclude>
    <ClInclude Include="MainCharacter\MainCharacter.h">
      <Filter>Header Files\MainCharacter</Filter>
    </ClInclude>
    <ClInclude Include="Item\Item.h">
      <Filter>Header Files\Item</Filter>
    </ClInclude>
  </ItemGroup>
  <ItemGroup>
    <ClCompile Include="GameWorld.cpp">
      <Filter>Source Files</Filter>
    </ClCompile>
    <ClCompile Include="ImmortalObj\ImmortalObj.cpp">
      <Filter>Source Files\ImmortalObj</Filter>
    </ClCompile>
    <ClCompile Include="ImmortalObj\TileMap.cpp">
      <Filter>Source Files\ImmortalObj</Filter>
    </ClCompile>
    <ClCompile Include="ninjagaidenHelper.cpp">
      <Filter>Source Files</Filter>
    </ClCompile>
    <ClCompile Include="ImmortalObj\Scoreboard.cpp">
      <Filter>Source Files\ImmortalObj</Filter>
    </ClCompile>
    <ClCompile Include="MainCharacter\BaseState.cpp">
      <Filter>Source Files\MainCharacter</Filter>
    </ClCompile>
    <ClCompile Include="MainCharacter\MainCharacter.cpp">
      <Filter>Source Files\MainCharacter</Filter>
    </ClCompile>
    <ClCompile Include="MainCharacter\States\ClimbState.cpp">
      <Filter>Source Files\MainCharacter\States</Filter>
    </ClCompile>
    <ClCompile Include="MainCharacter\States\DuckAtkState.cpp">
      <Filter>Source Files\MainCharacter\States</Filter>
    </ClCompile>
    <ClCompile Include="MainCharacter\States\DuckState.cpp">
      <Filter>Source Files\MainCharacter\States</Filter>
    </ClCompile>
    <ClCompile Include="MainCharacter\States\IdleState.cpp">
      <Filter>Source Files\MainCharacter\States</Filter>
    </ClCompile>
    <ClCompile Include="MainCharacter\States\ImmortalState.cpp">
      <Filter>Source Files\MainCharacter\States</Filter>
    </ClCompile>
    <ClCompile Include="MainCharacter\States\JumpState.cpp">
      <Filter>Source Files\MainCharacter\States</Filter>
    </ClCompile>
    <ClCompile Include="MainCharacter\States\MoveState.cpp">
      <Filter>Source Files\MainCharacter\States</Filter>
    </ClCompile>
    <ClCompile Include="MainCharacter\States\StandAtkState.cpp">
      <Filter>Source Files\MainCharacter\States</Filter>
    </ClCompile>
    <ClCompile Include="Item\Item.cpp">
      <Filter>Source Files</Filter>
    </ClCompile>
  </ItemGroup>
</Project>